
Microsoft Visual Studio Solution File, Format Version 12.00
# Visual Studio Version 16
VisualStudioVersion = 16.0.30406.217
MinimumVisualStudioVersion = 10.0.40219.1
Project("{FAE04EC0-301F-11D3-BF4B-00C04F79EFBC}") = "RatesCalculator.API", "RatesCalculator.API.csproj", "{69AF9BA8-189F-4C87-8726-16AA65067691}"
EndProject
Project("{FAE04EC0-301F-11D3-BF4B-00C04F79EFBC}") = "RatesCalculator.Tests", "..\RatesCalculator.Tests\RatesCalculator.Tests.csproj", "{03225CCB-6C22-45C0-946C-9C641034AA18}"
EndProject
Project("{FAE04EC0-301F-11D3-BF4B-00C04F79EFBC}") = "RatesCalculator.DAL", "..\CustomersDataRepository\RatesCalculator.DAL.csproj", "{EB236904-DE97-4D0B-9914-8CE5E570F4BA}"
EndProject
Global
	GlobalSection(SolutionConfigurationPlatforms) = preSolution
		Debug|Any CPU = Debug|Any CPU
		Release|Any CPU = Release|Any CPU
	EndGlobalSection
	GlobalSection(ProjectConfigurationPlatforms) = postSolution
		{69AF9BA8-189F-4C87-8726-16AA65067691}.Debug|Any CPU.ActiveCfg = Debug|Any CPU
		{69AF9BA8-189F-4C87-8726-16AA65067691}.Debug|Any CPU.Build.0 = Debug|Any CPU
		{69AF9BA8-189F-4C87-8726-16AA65067691}.Release|Any CPU.ActiveCfg = Release|Any CPU
		{69AF9BA8-189F-4C87-8726-16AA65067691}.Release|Any CPU.Build.0 = Release|Any CPU
		{03225CCB-6C22-45C0-946C-9C641034AA18}.Debug|Any CPU.ActiveCfg = Debug|Any CPU
		{03225CCB-6C22-45C0-946C-9C641034AA18}.Debug|Any CPU.Build.0 = Debug|Any CPU
		{03225CCB-6C22-45C0-946C-9C641034AA18}.Release|Any CPU.ActiveCfg = Release|Any CPU
		{03225CCB-6C22-45C0-946C-9C641034AA18}.Release|Any CPU.Build.0 = Release|Any CPU
		{EB236904-DE97-4D0B-9914-8CE5E570F4BA}.Debug|Any CPU.ActiveCfg = Debug|Any CPU
		{EB236904-DE97-4D0B-9914-8CE5E570F4BA}.Debug|Any CPU.Build.0 = Debug|Any CPU
		{EB236904-DE97-4D0B-9914-8CE5E570F4BA}.Release|Any CPU.ActiveCfg = Release|Any CPU
		{EB236904-DE97-4D0B-9914-8CE5E570F4BA}.Release|Any CPU.Build.0 = Release|Any CPU
	EndGlobalSection
	GlobalSection(SolutionProperties) = preSolution
		HideSolutionNode = FALSE
	EndGlobalSection
	GlobalSection(ExtensibilityGlobals) = postSolution
		SolutionGuid = {A5C68DF7-818C-489E-806D-2B1253F32BBF}
	EndGlobalSection
EndGlobal
